// !$*UTF8*$!
{
	archiveVersion = 1;
	classes = {
	};
	objectVersion = 46;
	objects = {

/* Begin PBXBuildFile section */
		18B30EDB134DFE650083B14E /* wood.png in Resources */ = {isa = PBXBuildFile; fileRef = 18B30EDA134DFE650083B14E /* wood.png */; };
		3201088596B4756681693705 /* libThree20UICommon.a in Frameworks */ = {isa = PBXBuildFile; fileRef = 3201088596B4756681693704 /* libThree20UICommon.a */; };
		320A2827FEC940B25BC42C65 /* libThree20Core.a in Frameworks */ = {isa = PBXBuildFile; fileRef = 320A2827FEC940B25BC42C64 /* libThree20Core.a */; };
		320A5A189C235877202780D5 /* libThree20Network.a in Frameworks */ = {isa = PBXBuildFile; fileRef = 320A5A189C235877202780D4 /* libThree20Network.a */; };
		320A737074758E53BA54BE95 /* libThree20UINavigator.a in Frameworks */ = {isa = PBXBuildFile; fileRef = 320A737074758E53BA54BE94 /* libThree20UINavigator.a */; };
		320AF8492C47A4D819F7C451 /* QuartzCore.framework in Frameworks */ = {isa = PBXBuildFile; fileRef = 320AF8492C47A4D819F7C450 /* QuartzCore.framework */; };
		320B6C86F11D9990244A9731 /* Three20.bundle in Resources */ = {isa = PBXBuildFile; fileRef = 320B6C86F11D9990244A9730 /* Three20.bundle */; };
		320CC833B8AF0ACFD35E6225 /* libThree20Style.a in Frameworks */ = {isa = PBXBuildFile; fileRef = 320CC833B8AF0ACFD35E6224 /* libThree20Style.a */; };
		320D7DCCE32703ACAB9A45E5 /* libThree20.a in Frameworks */ = {isa = PBXBuildFile; fileRef = 320D7DCCE32703ACAB9A45E4 /* libThree20.a */; };
		320F2C48872C2E2C4DF86205 /* libThree20UI.a in Frameworks */ = {isa = PBXBuildFile; fileRef = 320F2C48872C2E2C4DF86204 /* libThree20UI.a */; };
		A82B912E134DCA77002E6B67 /* README in Resources */ = {isa = PBXBuildFile; fileRef = A82B912D134DCA77002E6B67 /* README */; };
		A886CF90134DBF6200CEA4EA /* RootViewController_iPhone.m in Sources */ = {isa = PBXBuildFile; fileRef = A886CF8E134DBF6200CEA4EA /* RootViewController_iPhone.m */; };
		A886CF91134DBF6200CEA4EA /* RootViewController_iPhone.m in Sources */ = {isa = PBXBuildFile; fileRef = A886CF8E134DBF6200CEA4EA /* RootViewController_iPhone.m */; };
		A886CF92134DBF6200CEA4EA /* RootViewController_iPhone.xib in Resources */ = {isa = PBXBuildFile; fileRef = A886CF8F134DBF6200CEA4EA /* RootViewController_iPhone.xib */; };
		A886CF93134DBF6200CEA4EA /* RootViewController_iPhone.xib in Resources */ = {isa = PBXBuildFile; fileRef = A886CF8F134DBF6200CEA4EA /* RootViewController_iPhone.xib */; };
		A89C7B04134DB3DB002E870D /* UIKit.framework in Frameworks */ = {isa = PBXBuildFile; fileRef = A89C7B03134DB3DB002E870D /* UIKit.framework */; };
		A89C7B06134DB3DB002E870D /* Foundation.framework in Frameworks */ = {isa = PBXBuildFile; fileRef = A89C7B05134DB3DB002E870D /* Foundation.framework */; };
		A89C7B08134DB3DB002E870D /* CoreGraphics.framework in Frameworks */ = {isa = PBXBuildFile; fileRef = A89C7B07134DB3DB002E870D /* CoreGraphics.framework */; };
		A89C7B0A134DB3DB002E870D /* CoreData.framework in Frameworks */ = {isa = PBXBuildFile; fileRef = A89C7B09134DB3DB002E870D /* CoreData.framework */; };
		A89C7B10134DB3DB002E870D /* InfoPlist.strings in Resources */ = {isa = PBXBuildFile; fileRef = A89C7B0E134DB3DB002E870D /* InfoPlist.strings */; };
		A89C7B13134DB3DB002E870D /* main.m in Sources */ = {isa = PBXBuildFile; fileRef = A89C7B12134DB3DB002E870D /* main.m */; };
		A89C7B16134DB3DB002E870D /* App1AppDelegate.m in Sources */ = {isa = PBXBuildFile; fileRef = A89C7B15134DB3DB002E870D /* App1AppDelegate.m */; };
		A89C7B19134DB3DB002E870D /* App1.xcdatamodeld in Sources */ = {isa = PBXBuildFile; fileRef = A89C7B17134DB3DB002E870D /* App1.xcdatamodeld */; };
		A89C7B1D134DB3DB002E870D /* App1AppDelegate_iPhone.m in Sources */ = {isa = PBXBuildFile; fileRef = A89C7B1C134DB3DB002E870D /* App1AppDelegate_iPhone.m */; };
		A89C7B20134DB3DB002E870D /* MainWindow_iPhone.xib in Resources */ = {isa = PBXBuildFile; fileRef = A89C7B1E134DB3DB002E870D /* MainWindow_iPhone.xib */; };
		A89C7B24134DB3DB002E870D /* App1AppDelegate_iPad.m in Sources */ = {isa = PBXBuildFile; fileRef = A89C7B23134DB3DB002E870D /* App1AppDelegate_iPad.m */; };
		A89C7B27134DB3DB002E870D /* MainWindow_iPad.xib in Resources */ = {isa = PBXBuildFile; fileRef = A89C7B25134DB3DB002E870D /* MainWindow_iPad.xib */; };
		A89C7B2E134DB3DB002E870D /* UIKit.framework in Frameworks */ = {isa = PBXBuildFile; fileRef = A89C7B03134DB3DB002E870D /* UIKit.framework */; };
		A89C7B2F134DB3DB002E870D /* Foundation.framework in Frameworks */ = {isa = PBXBuildFile; fileRef = A89C7B05134DB3DB002E870D /* Foundation.framework */; };
		A89C7B30134DB3DB002E870D /* CoreGraphics.framework in Frameworks */ = {isa = PBXBuildFile; fileRef = A89C7B07134DB3DB002E870D /* CoreGraphics.framework */; };
		A89C7B31134DB3DB002E870D /* CoreData.framework in Frameworks */ = {isa = PBXBuildFile; fileRef = A89C7B09134DB3DB002E870D /* CoreData.framework */; };
		A89C7B39134DB3DB002E870D /* InfoPlist.strings in Resources */ = {isa = PBXBuildFile; fileRef = A89C7B37134DB3DB002E870D /* InfoPlist.strings */; };
		A89C7B3C134DB3DB002E870D /* App1Tests.h in Resources */ = {isa = PBXBuildFile; fileRef = A89C7B3B134DB3DB002E870D /* App1Tests.h */; };
		A89C7B3E134DB3DB002E870D /* App1Tests.m in Sources */ = {isa = PBXBuildFile; fileRef = A89C7B3D134DB3DB002E870D /* App1Tests.m */; };
/* End PBXBuildFile section */

/* Begin PBXContainerItemProxy section */
		3201088596B4756681693702 /* PBXContainerItemProxy */ = {
			isa = PBXContainerItemProxy;
			containerPortal = 3201088596B4756681693700 /* Three20UICommon.xcodeproj */;
			proxyType = 1;
			remoteGlobalIDString = BEF31F390F352DF5000DE5D2;
			remoteInfo = Three20UICommon;
		};
		3201088596B4756681693706 /* PBXContainerItemProxy */ = {
			isa = PBXContainerItemProxy;
			containerPortal = 3201088596B4756681693700 /* Three20UICommon.xcodeproj */;
			proxyType = 2;
			remoteGlobalIDString = BEF31F3A0F352DF5000DE5D2;
			remoteInfo = Three20UICommon;
		};
		320A2827FEC940B25BC42C62 /* PBXContainerItemProxy */ = {
			isa = PBXContainerItemProxy;
			containerPortal = 320A2827FEC940B25BC42C60 /* Three20Core.xcodeproj */;
			proxyType = 1;
			remoteGlobalIDString = BEF31F390F352DF5000DE5D2;
			remoteInfo = Three20Core;
		};
		320A2827FEC940B25BC42C66 /* PBXContainerItemProxy */ = {
			isa = PBXContainerItemProxy;
			containerPortal = 320A2827FEC940B25BC42C60 /* Three20Core.xcodeproj */;
			proxyType = 2;
			remoteGlobalIDString = BEF31F3A0F352DF5000DE5D2;
			remoteInfo = Three20Core;
		};
		320A5A189C235877202780D2 /* PBXContainerItemProxy */ = {
			isa = PBXContainerItemProxy;
			containerPortal = 320A5A189C235877202780D0 /* Three20Network.xcodeproj */;
			proxyType = 1;
			remoteGlobalIDString = BEF31F390F352DF5000DE5D2;
			remoteInfo = Three20Network;
		};
		320A5A189C235877202780D6 /* PBXContainerItemProxy */ = {
			isa = PBXContainerItemProxy;
			containerPortal = 320A5A189C235877202780D0 /* Three20Network.xcodeproj */;
			proxyType = 2;
			remoteGlobalIDString = BEF31F3A0F352DF5000DE5D2;
			remoteInfo = Three20Network;
		};
		320A737074758E53BA54BE92 /* PBXContainerItemProxy */ = {
			isa = PBXContainerItemProxy;
			containerPortal = 320A737074758E53BA54BE90 /* Three20UINavigator.xcodeproj */;
			proxyType = 1;
			remoteGlobalIDString = BEF31F390F352DF5000DE5D2;
			remoteInfo = Three20UINavigator;
		};
		320A737074758E53BA54BE96 /* PBXContainerItemProxy */ = {
			isa = PBXContainerItemProxy;
			containerPortal = 320A737074758E53BA54BE90 /* Three20UINavigator.xcodeproj */;
			proxyType = 2;
			remoteGlobalIDString = BEF31F3A0F352DF5000DE5D2;
			remoteInfo = Three20UINavigator;
		};
		320CC833B8AF0ACFD35E6222 /* PBXContainerItemProxy */ = {
			isa = PBXContainerItemProxy;
			containerPortal = 320CC833B8AF0ACFD35E6220 /* Three20Style.xcodeproj */;
			proxyType = 1;
			remoteGlobalIDString = BEF31F390F352DF5000DE5D2;
			remoteInfo = Three20Style;
		};
		320CC833B8AF0ACFD35E6226 /* PBXContainerItemProxy */ = {
			isa = PBXContainerItemProxy;
			containerPortal = 320CC833B8AF0ACFD35E6220 /* Three20Style.xcodeproj */;
			proxyType = 2;
			remoteGlobalIDString = BEF31F3A0F352DF5000DE5D2;
			remoteInfo = Three20Style;
		};
		320D7DCCE32703ACAB9A45E2 /* PBXContainerItemProxy */ = {
			isa = PBXContainerItemProxy;
			containerPortal = 320D7DCCE32703ACAB9A45E0 /* Three20.xcodeproj */;
			proxyType = 1;
			remoteGlobalIDString = BEF31F390F352DF5000DE5D2;
			remoteInfo = Three20;
		};
		320D7DCCE32703ACAB9A45E6 /* PBXContainerItemProxy */ = {
			isa = PBXContainerItemProxy;
			containerPortal = 320D7DCCE32703ACAB9A45E0 /* Three20.xcodeproj */;
			proxyType = 2;
			remoteGlobalIDString = BEF31F3A0F352DF5000DE5D2;
			remoteInfo = Three20;
		};
		320F2C48872C2E2C4DF86202 /* PBXContainerItemProxy */ = {
			isa = PBXContainerItemProxy;
			containerPortal = 320F2C48872C2E2C4DF86200 /* Three20UI.xcodeproj */;
			proxyType = 1;
			remoteGlobalIDString = BEF31F390F352DF5000DE5D2;
			remoteInfo = Three20UI;
		};
		320F2C48872C2E2C4DF86206 /* PBXContainerItemProxy */ = {
			isa = PBXContainerItemProxy;
			containerPortal = 320F2C48872C2E2C4DF86200 /* Three20UI.xcodeproj */;
			proxyType = 2;
			remoteGlobalIDString = BEF31F3A0F352DF5000DE5D2;
			remoteInfo = Three20UI;
		};
		A89C7B32134DB3DB002E870D /* PBXContainerItemProxy */ = {
			isa = PBXContainerItemProxy;
			containerPortal = A89C7AF6134DB3DB002E870D /* Project object */;
			proxyType = 1;
			remoteGlobalIDString = A89C7AFE134DB3DB002E870D;
			remoteInfo = App1;
		};
		A89C7B7B134DB811002E870D /* PBXContainerItemProxy */ = {
			isa = PBXContainerItemProxy;
			containerPortal = 320D7DCCE32703ACAB9A45E0 /* Three20.xcodeproj */;
			proxyType = 2;
			remoteGlobalIDString = EB9E6C6210B6A8F800DE563C;
			remoteInfo = Three20UnitTests;
		};
		A89C7B7E134DB811002E870D /* PBXContainerItemProxy */ = {
			isa = PBXContainerItemProxy;
			containerPortal = 320A2827FEC940B25BC42C60 /* Three20Core.xcodeproj */;
			proxyType = 2;
			remoteGlobalIDString = EB9E6C6210B6A8F800DE563C;
			remoteInfo = Three20CoreUnitTests;
		};
		A89C7B81134DB811002E870D /* PBXContainerItemProxy */ = {
			isa = PBXContainerItemProxy;
			containerPortal = 320A5A189C235877202780D0 /* Three20Network.xcodeproj */;
			proxyType = 2;
			remoteGlobalIDString = EB9E6C6210B6A8F800DE563C;
			remoteInfo = Three20NetworkUnitTests;
		};
		A89C7B84134DB811002E870D /* PBXContainerItemProxy */ = {
			isa = PBXContainerItemProxy;
			containerPortal = 320CC833B8AF0ACFD35E6220 /* Three20Style.xcodeproj */;
			proxyType = 2;
			remoteGlobalIDString = EB9E6C6210B6A8F800DE563C;
			remoteInfo = Three20StyleUnitTests;
		};
		A89C7B87134DB811002E870D /* PBXContainerItemProxy */ = {
			isa = PBXContainerItemProxy;
			containerPortal = 320F2C48872C2E2C4DF86200 /* Three20UI.xcodeproj */;
			proxyType = 2;
			remoteGlobalIDString = EB9E6C6210B6A8F800DE563C;
			remoteInfo = Three20UIUnitTests;
		};
		A89C7B8A134DB811002E870D /* PBXContainerItemProxy */ = {
			isa = PBXContainerItemProxy;
			containerPortal = 3201088596B4756681693700 /* Three20UICommon.xcodeproj */;
			proxyType = 2;
			remoteGlobalIDString = EB9E6C6210B6A8F800DE563C;
			remoteInfo = Three20UICommonUnitTests;
		};
		A89C7B8D134DB811002E870D /* PBXContainerItemProxy */ = {
			isa = PBXContainerItemProxy;
			containerPortal = 320A737074758E53BA54BE90 /* Three20UINavigator.xcodeproj */;
			proxyType = 2;
			remoteGlobalIDString = EB9E6C6210B6A8F800DE563C;
			remoteInfo = Three20UINavigatorUnitTests;
		};
/* End PBXContainerItemProxy section */

/* Begin PBXFileReference section */
		18B30EDA134DFE650083B14E /* wood.png */ = {isa = PBXFileReference; lastKnownFileType = image.png; name = wood.png; path = ../wood.png; sourceTree = "<group>"; };
		3201088596B4756681693700 /* Three20UICommon.xcodeproj */ = {isa = PBXFileReference; lastKnownFileType = "wrapper.pb-project"; name = Three20UICommon.xcodeproj; path = ../../three20/src/Three20UICommon/Three20UICommon.xcodeproj; sourceTree = SOURCE_ROOT; };
		320A2827FEC940B25BC42C60 /* Three20Core.xcodeproj */ = {isa = PBXFileReference; lastKnownFileType = "wrapper.pb-project"; name = Three20Core.xcodeproj; path = ../../three20/src/Three20Core/Three20Core.xcodeproj; sourceTree = SOURCE_ROOT; };
		320A5A189C235877202780D0 /* Three20Network.xcodeproj */ = {isa = PBXFileReference; lastKnownFileType = "wrapper.pb-project"; name = Three20Network.xcodeproj; path = ../../three20/src/Three20Network/Three20Network.xcodeproj; sourceTree = SOURCE_ROOT; };
		320A737074758E53BA54BE90 /* Three20UINavigator.xcodeproj */ = {isa = PBXFileReference; lastKnownFileType = "wrapper.pb-project"; name = Three20UINavigator.xcodeproj; path = ../../three20/src/Three20UINavigator/Three20UINavigator.xcodeproj; sourceTree = SOURCE_ROOT; };
		320AF8492C47A4D819F7C450 /* QuartzCore.framework */ = {isa = PBXFileReference; lastKnownFileType = wrapper.framework; name = QuartzCore.framework; path = System/Library/Frameworks/QuartzCore.framework; sourceTree = SDKROOT; };
		320B6C86F11D9990244A9730 /* Three20.bundle */ = {isa = PBXFileReference; lastKnownFileType = "wrapper.plug-in"; name = Three20.bundle; path = ../../three20/src/Three20.bundle; sourceTree = SOURCE_ROOT; };
		320CC833B8AF0ACFD35E6220 /* Three20Style.xcodeproj */ = {isa = PBXFileReference; lastKnownFileType = "wrapper.pb-project"; name = Three20Style.xcodeproj; path = ../../three20/src/Three20Style/Three20Style.xcodeproj; sourceTree = SOURCE_ROOT; };
		320D7DCCE32703ACAB9A45E0 /* Three20.xcodeproj */ = {isa = PBXFileReference; lastKnownFileType = "wrapper.pb-project"; name = Three20.xcodeproj; path = ../../three20/src/Three20/Three20.xcodeproj; sourceTree = SOURCE_ROOT; };
		320F2C48872C2E2C4DF86200 /* Three20UI.xcodeproj */ = {isa = PBXFileReference; lastKnownFileType = "wrapper.pb-project"; name = Three20UI.xcodeproj; path = ../../three20/src/Three20UI/Three20UI.xcodeproj; sourceTree = SOURCE_ROOT; };
		A82B912D134DCA77002E6B67 /* README */ = {isa = PBXFileReference; fileEncoding = 4; lastKnownFileType = text; path = README; sourceTree = "<group>"; };
		A886CF8D134DBF6200CEA4EA /* RootViewController_iPhone.h */ = {isa = PBXFileReference; fileEncoding = 4; lastKnownFileType = sourcecode.c.h; path = RootViewController_iPhone.h; sourceTree = "<group>"; };
		A886CF8E134DBF6200CEA4EA /* RootViewController_iPhone.m */ = {isa = PBXFileReference; fileEncoding = 4; lastKnownFileType = sourcecode.c.objc; path = RootViewController_iPhone.m; sourceTree = "<group>"; };
		A886CF8F134DBF6200CEA4EA /* RootViewController_iPhone.xib */ = {isa = PBXFileReference; fileEncoding = 4; lastKnownFileType = file.xib; path = RootViewController_iPhone.xib; sourceTree = "<group>"; };
		A89C7AFF134DB3DB002E870D /* App1.app */ = {isa = PBXFileReference; explicitFileType = wrapper.application; includeInIndex = 0; path = App1.app; sourceTree = BUILT_PRODUCTS_DIR; };
		A89C7B03134DB3DB002E870D /* UIKit.framework */ = {isa = PBXFileReference; lastKnownFileType = wrapper.framework; name = UIKit.framework; path = System/Library/Frameworks/UIKit.framework; sourceTree = SDKROOT; };
		A89C7B05134DB3DB002E870D /* Foundation.framework */ = {isa = PBXFileReference; lastKnownFileType = wrapper.framework; name = Foundation.framework; path = System/Library/Frameworks/Foundation.framework; sourceTree = SDKROOT; };
		A89C7B07134DB3DB002E870D /* CoreGraphics.framework */ = {isa = PBXFileReference; lastKnownFileType = wrapper.framework; name = CoreGraphics.framework; path = System/Library/Frameworks/CoreGraphics.framework; sourceTree = SDKROOT; };
		A89C7B09134DB3DB002E870D /* CoreData.framework */ = {isa = PBXFileReference; lastKnownFileType = wrapper.framework; name = CoreData.framework; path = System/Library/Frameworks/CoreData.framework; sourceTree = SDKROOT; };
		A89C7B0D134DB3DB002E870D /* App1-Info.plist */ = {isa = PBXFileReference; lastKnownFileType = text.plist.xml; path = "App1-Info.plist"; sourceTree = "<group>"; };
		A89C7B0F134DB3DB002E870D /* en */ = {isa = PBXFileReference; lastKnownFileType = text.plist.strings; name = en; path = en.lproj/InfoPlist.strings; sourceTree = "<group>"; };
		A89C7B11134DB3DB002E870D /* App1-Prefix.pch */ = {isa = PBXFileReference; lastKnownFileType = sourcecode.c.h; path = "App1-Prefix.pch"; sourceTree = "<group>"; };
		A89C7B12134DB3DB002E870D /* main.m */ = {isa = PBXFileReference; lastKnownFileType = sourcecode.c.objc; path = main.m; sourceTree = "<group>"; };
		A89C7B14134DB3DB002E870D /* App1AppDelegate.h */ = {isa = PBXFileReference; lastKnownFileType = sourcecode.c.h; path = App1AppDelegate.h; sourceTree = "<group>"; };
		A89C7B15134DB3DB002E870D /* App1AppDelegate.m */ = {isa = PBXFileReference; lastKnownFileType = sourcecode.c.objc; path = App1AppDelegate.m; sourceTree = "<group>"; };
		A89C7B18134DB3DB002E870D /* App1.xcdatamodel */ = {isa = PBXFileReference; lastKnownFileType = wrapper.xcdatamodel; path = App1.xcdatamodel; sourceTree = "<group>"; };
		A89C7B1B134DB3DB002E870D /* App1AppDelegate_iPhone.h */ = {isa = PBXFileReference; lastKnownFileType = sourcecode.c.h; name = App1AppDelegate_iPhone.h; path = iPhone/App1AppDelegate_iPhone.h; sourceTree = "<group>"; };
		A89C7B1C134DB3DB002E870D /* App1AppDelegate_iPhone.m */ = {isa = PBXFileReference; lastKnownFileType = sourcecode.c.objc; name = App1AppDelegate_iPhone.m; path = iPhone/App1AppDelegate_iPhone.m; sourceTree = "<group>"; };
		A89C7B1F134DB3DB002E870D /* en */ = {isa = PBXFileReference; lastKnownFileType = file.xib; name = en; path = iPhone/en.lproj/MainWindow_iPhone.xib; sourceTree = "<group>"; };
		A89C7B22134DB3DB002E870D /* App1AppDelegate_iPad.h */ = {isa = PBXFileReference; lastKnownFileType = sourcecode.c.h; name = App1AppDelegate_iPad.h; path = iPad/App1AppDelegate_iPad.h; sourceTree = "<group>"; };
		A89C7B23134DB3DB002E870D /* App1AppDelegate_iPad.m */ = {isa = PBXFileReference; lastKnownFileType = sourcecode.c.objc; name = App1AppDelegate_iPad.m; path = iPad/App1AppDelegate_iPad.m; sourceTree = "<group>"; };
		A89C7B26134DB3DB002E870D /* en */ = {isa = PBXFileReference; lastKnownFileType = file.xib; name = en; path = iPad/en.lproj/MainWindow_iPad.xib; sourceTree = "<group>"; };
		A89C7B2D134DB3DB002E870D /* App1Tests.octest */ = {isa = PBXFileReference; explicitFileType = wrapper.cfbundle; includeInIndex = 0; path = App1Tests.octest; sourceTree = BUILT_PRODUCTS_DIR; };
		A89C7B36134DB3DB002E870D /* App1Tests-Info.plist */ = {isa = PBXFileReference; lastKnownFileType = text.plist.xml; path = "App1Tests-Info.plist"; sourceTree = "<group>"; };
		A89C7B38134DB3DB002E870D /* en */ = {isa = PBXFileReference; lastKnownFileType = text.plist.strings; name = en; path = en.lproj/InfoPlist.strings; sourceTree = "<group>"; };
		A89C7B3A134DB3DB002E870D /* App1Tests-Prefix.pch */ = {isa = PBXFileReference; lastKnownFileType = sourcecode.c.h; path = "App1Tests-Prefix.pch"; sourceTree = "<group>"; };
		A89C7B3B134DB3DB002E870D /* App1Tests.h */ = {isa = PBXFileReference; lastKnownFileType = sourcecode.c.h; path = App1Tests.h; sourceTree = "<group>"; };
		A89C7B3D134DB3DB002E870D /* App1Tests.m */ = {isa = PBXFileReference; lastKnownFileType = sourcecode.c.objc; path = App1Tests.m; sourceTree = "<group>"; };
/* End PBXFileReference section */

/* Begin PBXFrameworksBuildPhase section */
		A89C7AFC134DB3DB002E870D /* Frameworks */ = {
			isa = PBXFrameworksBuildPhase;
			buildActionMask = 2147483647;
			files = (
				3201088596B4756681693705 /* libThree20UICommon.a in Frameworks */,
				320D7DCCE32703ACAB9A45E5 /* libThree20.a in Frameworks */,
				320A737074758E53BA54BE95 /* libThree20UINavigator.a in Frameworks */,
				320A2827FEC940B25BC42C65 /* libThree20Core.a in Frameworks */,
				320F2C48872C2E2C4DF86205 /* libThree20UI.a in Frameworks */,
				320AF8492C47A4D819F7C451 /* QuartzCore.framework in Frameworks */,
				320A5A189C235877202780D5 /* libThree20Network.a in Frameworks */,
				320CC833B8AF0ACFD35E6225 /* libThree20Style.a in Frameworks */,
				A89C7B04134DB3DB002E870D /* UIKit.framework in Frameworks */,
				A89C7B06134DB3DB002E870D /* Foundation.framework in Frameworks */,
				A89C7B08134DB3DB002E870D /* CoreGraphics.framework in Frameworks */,
				A89C7B0A134DB3DB002E870D /* CoreData.framework in Frameworks */,
			);
			runOnlyForDeploymentPostprocessing = 0;
		};
		A89C7B29134DB3DB002E870D /* Frameworks */ = {
			isa = PBXFrameworksBuildPhase;
			buildActionMask = 2147483647;
			files = (
				A89C7B2E134DB3DB002E870D /* UIKit.framework in Frameworks */,
				A89C7B2F134DB3DB002E870D /* Foundation.framework in Frameworks */,
				A89C7B30134DB3DB002E870D /* CoreGraphics.framework in Frameworks */,
				A89C7B31134DB3DB002E870D /* CoreData.framework in Frameworks */,
			);
			runOnlyForDeploymentPostprocessing = 0;
		};
/* End PBXFrameworksBuildPhase section */

/* Begin PBXGroup section */
		18B30EDC134DFEE90083B14E /* images */ = {
			isa = PBXGroup;
			children = (
				18B30EDA134DFE650083B14E /* wood.png */,
			);
			name = images;
			sourceTree = "<group>";
		};
		3201088596B4756681693703 /* Products */ = {
			isa = PBXGroup;
			children = (
				3201088596B4756681693704 /* libThree20UICommon.a */,
				A89C7B8B134DB811002E870D /* UICommonUnitTests.octest */,
			);
			name = Products;
			sourceTree = "<group>";
		};
		320A2827FEC940B25BC42C63 /* Products */ = {
			isa = PBXGroup;
			children = (
				320A2827FEC940B25BC42C64 /* libThree20Core.a */,
				A89C7B7F134DB811002E870D /* CoreUnitTests.octest */,
			);
			name = Products;
			sourceTree = "<group>";
		};
		320A5A189C235877202780D3 /* Products */ = {
			isa = PBXGroup;
			children = (
				320A5A189C235877202780D4 /* libThree20Network.a */,
				A89C7B82134DB811002E870D /* NetworkUnitTests.octest */,
			);
			name = Products;
			sourceTree = "<group>";
		};
		320A737074758E53BA54BE93 /* Products */ = {
			isa = PBXGroup;
			children = (
				320A737074758E53BA54BE94 /* libThree20UINavigator.a */,
				A89C7B8E134DB811002E870D /* UINavigatorUnitTests.octest */,
			);
			name = Products;
			sourceTree = "<group>";
		};
		320CC833B8AF0ACFD35E6223 /* Products */ = {
			isa = PBXGroup;
			children = (
				320CC833B8AF0ACFD35E6224 /* libThree20Style.a */,
				A89C7B85134DB811002E870D /* StyleUnitTests.octest */,
			);
			name = Products;
			sourceTree = "<group>";
		};
		320D7DCCE32703ACAB9A45E3 /* Products */ = {
			isa = PBXGroup;
			children = (
				320D7DCCE32703ACAB9A45E4 /* libThree20.a */,
				A89C7B7C134DB811002E870D /* Three20UnitTests.octest */,
			);
			name = Products;
			sourceTree = "<group>";
		};
		320F2C48872C2E2C4DF86203 /* Products */ = {
			isa = PBXGroup;
			children = (
				320F2C48872C2E2C4DF86204 /* libThree20UI.a */,
				A89C7B88134DB811002E870D /* UIUnitTests.octest */,
			);
			name = Products;
			sourceTree = "<group>";
		};
		A89C7AF4134DB3DB002E870D = {
			isa = PBXGroup;
			children = (
				A82B912D134DCA77002E6B67 /* README */,
				A89C7B0B134DB3DB002E870D /* App1 */,
				A89C7B34134DB3DB002E870D /* App1Tests */,
				A89C7B02134DB3DB002E870D /* Frameworks */,
				A89C7B00134DB3DB002E870D /* Products */,
			);
			sourceTree = "<group>";
		};
		A89C7B00134DB3DB002E870D /* Products */ = {
			isa = PBXGroup;
			children = (
				A89C7AFF134DB3DB002E870D /* App1.app */,
				A89C7B2D134DB3DB002E870D /* App1Tests.octest */,
			);
			name = Products;
			sourceTree = "<group>";
		};
		A89C7B02134DB3DB002E870D /* Frameworks */ = {
			isa = PBXGroup;
			children = (
				3201088596B4756681693700 /* Three20UICommon.xcodeproj */,
				320D7DCCE32703ACAB9A45E0 /* Three20.xcodeproj */,
				320A737074758E53BA54BE90 /* Three20UINavigator.xcodeproj */,
				320A2827FEC940B25BC42C60 /* Three20Core.xcodeproj */,
				320F2C48872C2E2C4DF86200 /* Three20UI.xcodeproj */,
				320AF8492C47A4D819F7C450 /* QuartzCore.framework */,
				320A5A189C235877202780D0 /* Three20Network.xcodeproj */,
				320CC833B8AF0ACFD35E6220 /* Three20Style.xcodeproj */,
				A89C7B03134DB3DB002E870D /* UIKit.framework */,
				A89C7B05134DB3DB002E870D /* Foundation.framework */,
				A89C7B07134DB3DB002E870D /* CoreGraphics.framework */,
				A89C7B09134DB3DB002E870D /* CoreData.framework */,
			);
			name = Frameworks;
			sourceTree = "<group>";
		};
		A89C7B0B134DB3DB002E870D /* App1 */ = {
			isa = PBXGroup;
			children = (
				A89C7B14134DB3DB002E870D /* App1AppDelegate.h */,
				A89C7B15134DB3DB002E870D /* App1AppDelegate.m */,
				A89C7B17134DB3DB002E870D /* App1.xcdatamodeld */,
				A89C7B1A134DB3DB002E870D /* iPhone */,
				A89C7B21134DB3DB002E870D /* iPad */,
				A89C7B0C134DB3DB002E870D /* Supporting Files */,
			);
			path = App1;
			sourceTree = "<group>";
		};
		A89C7B0C134DB3DB002E870D /* Supporting Files */ = {
			isa = PBXGroup;
			children = (
				18B30EDC134DFEE90083B14E /* images */,
				320B6C86F11D9990244A9730 /* Three20.bundle */,
				A89C7B0D134DB3DB002E870D /* App1-Info.plist */,
				A89C7B0E134DB3DB002E870D /* InfoPlist.strings */,
				A89C7B11134DB3DB002E870D /* App1-Prefix.pch */,
				A89C7B12134DB3DB002E870D /* main.m */,
			);
			name = "Supporting Files";
			sourceTree = "<group>";
		};
		A89C7B1A134DB3DB002E870D /* iPhone */ = {
			isa = PBXGroup;
			children = (
				A89C7B1B134DB3DB002E870D /* App1AppDelegate_iPhone.h */,
				A89C7B1C134DB3DB002E870D /* App1AppDelegate_iPhone.m */,
				A89C7B1E134DB3DB002E870D /* MainWindow_iPhone.xib */,
				A886CF8D134DBF6200CEA4EA /* RootViewController_iPhone.h */,
				A886CF8E134DBF6200CEA4EA /* RootViewController_iPhone.m */,
				A886CF8F134DBF6200CEA4EA /* RootViewController_iPhone.xib */,
			);
			name = iPhone;
			sourceTree = "<group>";
		};
		A89C7B21134DB3DB002E870D /* iPad */ = {
			isa = PBXGroup;
			children = (
				A89C7B22134DB3DB002E870D /* App1AppDelegate_iPad.h */,
				A89C7B23134DB3DB002E870D /* App1AppDelegate_iPad.m */,
				A89C7B25134DB3DB002E870D /* MainWindow_iPad.xib */,
			);
			name = iPad;
			sourceTree = "<group>";
		};
		A89C7B34134DB3DB002E870D /* App1Tests */ = {
			isa = PBXGroup;
			children = (
				A89C7B3B134DB3DB002E870D /* App1Tests.h */,
				A89C7B3D134DB3DB002E870D /* App1Tests.m */,
				A89C7B35134DB3DB002E870D /* Supporting Files */,
			);
			path = App1Tests;
			sourceTree = "<group>";
		};
		A89C7B35134DB3DB002E870D /* Supporting Files */ = {
			isa = PBXGroup;
			children = (
				A89C7B36134DB3DB002E870D /* App1Tests-Info.plist */,
				A89C7B37134DB3DB002E870D /* InfoPlist.strings */,
				A89C7B3A134DB3DB002E870D /* App1Tests-Prefix.pch */,
			);
			name = "Supporting Files";
			sourceTree = "<group>";
		};
/* End PBXGroup section */

/* Begin PBXNativeTarget section */
		A89C7AFE134DB3DB002E870D /* App1 */ = {
			isa = PBXNativeTarget;
			buildConfigurationList = A89C7B41134DB3DB002E870D /* Build configuration list for PBXNativeTarget "App1" */;
			buildPhases = (
				A89C7AFB134DB3DB002E870D /* Sources */,
				A89C7AFC134DB3DB002E870D /* Frameworks */,
				A89C7AFD134DB3DB002E870D /* Resources */,
			);
			buildRules = (
			);
			dependencies = (
				3201088596B4756681693701 /* PBXTargetDependency */,
				320D7DCCE32703ACAB9A45E1 /* PBXTargetDependency */,
				320A737074758E53BA54BE91 /* PBXTargetDependency */,
				320A2827FEC940B25BC42C61 /* PBXTargetDependency */,
				320F2C48872C2E2C4DF86201 /* PBXTargetDependency */,
				320A5A189C235877202780D1 /* PBXTargetDependency */,
				320CC833B8AF0ACFD35E6221 /* PBXTargetDependency */,
			);
			name = App1;
			productName = App1;
			productReference = A89C7AFF134DB3DB002E870D /* App1.app */;
			productType = "com.apple.product-type.application";
		};
		A89C7B2C134DB3DB002E870D /* App1Tests */ = {
			isa = PBXNativeTarget;
			buildConfigurationList = A89C7B44134DB3DB002E870D /* Build configuration list for PBXNativeTarget "App1Tests" */;
			buildPhases = (
				A89C7B28134DB3DB002E870D /* Sources */,
				A89C7B29134DB3DB002E870D /* Frameworks */,
				A89C7B2A134DB3DB002E870D /* Resources */,
				A89C7B2B134DB3DB002E870D /* ShellScript */,
			);
			buildRules = (
			);
			dependencies = (
				A89C7B33134DB3DB002E870D /* PBXTargetDependency */,
			);
			name = App1Tests;
			productName = App1Tests;
			productReference = A89C7B2D134DB3DB002E870D /* App1Tests.octest */;
			productType = "com.apple.product-type.bundle";
		};
/* End PBXNativeTarget section */

/* Begin PBXProject section */
		A89C7AF6134DB3DB002E870D /* Project object */ = {
			isa = PBXProject;
			buildConfigurationList = A89C7AF9134DB3DB002E870D /* Build configuration list for PBXProject "App1" */;
			compatibilityVersion = "Xcode 3.2";
			developmentRegion = English;
			hasScannedForEncodings = 0;
			knownRegions = (
				en,
			);
			mainGroup = A89C7AF4134DB3DB002E870D;
			productRefGroup = A89C7B00134DB3DB002E870D /* Products */;
			projectDirPath = "";
			projectReferences = (
				{
					ProductGroup = 320D7DCCE32703ACAB9A45E3 /* Products */;
					ProjectRef = 320D7DCCE32703ACAB9A45E0 /* Three20.xcodeproj */;
				},
				{
					ProductGroup = 320A2827FEC940B25BC42C63 /* Products */;
					ProjectRef = 320A2827FEC940B25BC42C60 /* Three20Core.xcodeproj */;
				},
				{
					ProductGroup = 320A5A189C235877202780D3 /* Products */;
					ProjectRef = 320A5A189C235877202780D0 /* Three20Network.xcodeproj */;
				},
				{
					ProductGroup = 320CC833B8AF0ACFD35E6223 /* Products */;
					ProjectRef = 320CC833B8AF0ACFD35E6220 /* Three20Style.xcodeproj */;
				},
				{
					ProductGroup = 320F2C48872C2E2C4DF86203 /* Products */;
					ProjectRef = 320F2C48872C2E2C4DF86200 /* Three20UI.xcodeproj */;
				},
				{
					ProductGroup = 3201088596B4756681693703 /* Products */;
					ProjectRef = 3201088596B4756681693700 /* Three20UICommon.xcodeproj */;
				},
				{
					ProductGroup = 320A737074758E53BA54BE93 /* Products */;
					ProjectRef = 320A737074758E53BA54BE90 /* Three20UINavigator.xcodeproj */;
				},
			);
			projectRoot = "";
			targets = (
				A89C7AFE134DB3DB002E870D /* App1 */,
				A89C7B2C134DB3DB002E870D /* App1Tests */,
			);
		};
/* End PBXProject section */

/* Begin PBXReferenceProxy section */
		3201088596B4756681693704 /* libThree20UICommon.a */ = {
			isa = PBXReferenceProxy;
			fileType = archive.ar;
			path = libThree20UICommon.a;
			remoteRef = 3201088596B4756681693706 /* PBXContainerItemProxy */;
			sourceTree = BUILT_PRODUCTS_DIR;
		};
		320A2827FEC940B25BC42C64 /* libThree20Core.a */ = {
			isa = PBXReferenceProxy;
			fileType = archive.ar;
			path = libThree20Core.a;
			remoteRef = 320A2827FEC940B25BC42C66 /* PBXContainerItemProxy */;
			sourceTree = BUILT_PRODUCTS_DIR;
		};
		320A5A189C235877202780D4 /* libThree20Network.a */ = {
			isa = PBXReferenceProxy;
			fileType = archive.ar;
			path = libThree20Network.a;
			remoteRef = 320A5A189C235877202780D6 /* PBXContainerItemProxy */;
			sourceTree = BUILT_PRODUCTS_DIR;
		};
		320A737074758E53BA54BE94 /* libThree20UINavigator.a */ = {
			isa = PBXReferenceProxy;
			fileType = archive.ar;
			path = libThree20UINavigator.a;
			remoteRef = 320A737074758E53BA54BE96 /* PBXContainerItemProxy */;
			sourceTree = BUILT_PRODUCTS_DIR;
		};
		320CC833B8AF0ACFD35E6224 /* libThree20Style.a */ = {
			isa = PBXReferenceProxy;
			fileType = archive.ar;
			path = libThree20Style.a;
			remoteRef = 320CC833B8AF0ACFD35E6226 /* PBXContainerItemProxy */;
			sourceTree = BUILT_PRODUCTS_DIR;
		};
		320D7DCCE32703ACAB9A45E4 /* libThree20.a */ = {
			isa = PBXReferenceProxy;
			fileType = archive.ar;
			path = libThree20.a;
			remoteRef = 320D7DCCE32703ACAB9A45E6 /* PBXContainerItemProxy */;
			sourceTree = BUILT_PRODUCTS_DIR;
		};
		320F2C48872C2E2C4DF86204 /* libThree20UI.a */ = {
			isa = PBXReferenceProxy;
			fileType = archive.ar;
			path = libThree20UI.a;
			remoteRef = 320F2C48872C2E2C4DF86206 /* PBXContainerItemProxy */;
			sourceTree = BUILT_PRODUCTS_DIR;
		};
		A89C7B7C134DB811002E870D /* Three20UnitTests.octest */ = {
			isa = PBXReferenceProxy;
			fileType = wrapper.cfbundle;
			path = Three20UnitTests.octest;
			remoteRef = A89C7B7B134DB811002E870D /* PBXContainerItemProxy */;
			sourceTree = BUILT_PRODUCTS_DIR;
		};
		A89C7B7F134DB811002E870D /* CoreUnitTests.octest */ = {
			isa = PBXReferenceProxy;
			fileType = wrapper.cfbundle;
			path = CoreUnitTests.octest;
			remoteRef = A89C7B7E134DB811002E870D /* PBXContainerItemProxy */;
			sourceTree = BUILT_PRODUCTS_DIR;
		};
		A89C7B82134DB811002E870D /* NetworkUnitTests.octest */ = {
			isa = PBXReferenceProxy;
			fileType = wrapper.cfbundle;
			path = NetworkUnitTests.octest;
			remoteRef = A89C7B81134DB811002E870D /* PBXContainerItemProxy */;
			sourceTree = BUILT_PRODUCTS_DIR;
		};
		A89C7B85134DB811002E870D /* StyleUnitTests.octest */ = {
			isa = PBXReferenceProxy;
			fileType = wrapper.cfbundle;
			path = StyleUnitTests.octest;
			remoteRef = A89C7B84134DB811002E870D /* PBXContainerItemProxy */;
			sourceTree = BUILT_PRODUCTS_DIR;
		};
		A89C7B88134DB811002E870D /* UIUnitTests.octest */ = {
			isa = PBXReferenceProxy;
			fileType = wrapper.cfbundle;
			path = UIUnitTests.octest;
			remoteRef = A89C7B87134DB811002E870D /* PBXContainerItemProxy */;
			sourceTree = BUILT_PRODUCTS_DIR;
		};
		A89C7B8B134DB811002E870D /* UICommonUnitTests.octest */ = {
			isa = PBXReferenceProxy;
			fileType = wrapper.cfbundle;
			path = UICommonUnitTests.octest;
			remoteRef = A89C7B8A134DB811002E870D /* PBXContainerItemProxy */;
			sourceTree = BUILT_PRODUCTS_DIR;
		};
		A89C7B8E134DB811002E870D /* UINavigatorUnitTests.octest */ = {
			isa = PBXReferenceProxy;
			fileType = wrapper.cfbundle;
			path = UINavigatorUnitTests.octest;
			remoteRef = A89C7B8D134DB811002E870D /* PBXContainerItemProxy */;
			sourceTree = BUILT_PRODUCTS_DIR;
		};
/* End PBXReferenceProxy section */

/* Begin PBXResourcesBuildPhase section */
		A89C7AFD134DB3DB002E870D /* Resources */ = {
			isa = PBXResourcesBuildPhase;
			buildActionMask = 2147483647;
			files = (
				320B6C86F11D9990244A9731 /* Three20.bundle in Resources */,
				A89C7B10134DB3DB002E870D /* InfoPlist.strings in Resources */,
				A89C7B20134DB3DB002E870D /* MainWindow_iPhone.xib in Resources */,
				A89C7B27134DB3DB002E870D /* MainWindow_iPad.xib in Resources */,
				A886CF92134DBF6200CEA4EA /* RootViewController_iPhone.xib in Resources */,
				A82B912E134DCA77002E6B67 /* README in Resources */,
				18B30EDB134DFE650083B14E /* wood.png in Resources */,
			);
			runOnlyForDeploymentPostprocessing = 0;
		};
		A89C7B2A134DB3DB002E870D /* Resources */ = {
			isa = PBXResourcesBuildPhase;
			buildActionMask = 2147483647;
			files = (
				A89C7B39134DB3DB002E870D /* InfoPlist.strings in Resources */,
				A89C7B3C134DB3DB002E870D /* App1Tests.h in Resources */,
				A886CF93134DBF6200CEA4EA /* RootViewController_iPhone.xib in Resources */,
			);
			runOnlyForDeploymentPostprocessing = 0;
		};
/* End PBXResourcesBuildPhase section */

/* Begin PBXShellScriptBuildPhase section */
		A89C7B2B134DB3DB002E870D /* ShellScript */ = {
			isa = PBXShellScriptBuildPhase;
			buildActionMask = 2147483647;
			files = (
			);
			inputPaths = (
			);
			outputPaths = (
			);
			runOnlyForDeploymentPostprocessing = 0;
			shellPath = /bin/sh;
			shellScript = "# Run the unit tests in this test bundle.\n\"${SYSTEM_DEVELOPER_DIR}/Tools/RunUnitTests\"\n";
		};
/* End PBXShellScriptBuildPhase section */

/* Begin PBXSourcesBuildPhase section */
		A89C7AFB134DB3DB002E870D /* Sources */ = {
			isa = PBXSourcesBuildPhase;
			buildActionMask = 2147483647;
			files = (
				A89C7B13134DB3DB002E870D /* main.m in Sources */,
				A89C7B16134DB3DB002E870D /* App1AppDelegate.m in Sources */,
				A89C7B19134DB3DB002E870D /* App1.xcdatamodeld in Sources */,
				A89C7B1D134DB3DB002E870D /* App1AppDelegate_iPhone.m in Sources */,
				A89C7B24134DB3DB002E870D /* App1AppDelegate_iPad.m in Sources */,
				A886CF90134DBF6200CEA4EA /* RootViewController_iPhone.m in Sources */,
			);
			runOnlyForDeploymentPostprocessing = 0;
		};
		A89C7B28134DB3DB002E870D /* Sources */ = {
			isa = PBXSourcesBuildPhase;
			buildActionMask = 2147483647;
			files = (
				A89C7B3E134DB3DB002E870D /* App1Tests.m in Sources */,
				A886CF91134DBF6200CEA4EA /* RootViewController_iPhone.m in Sources */,
			);
			runOnlyForDeploymentPostprocessing = 0;
		};
/* End PBXSourcesBuildPhase section */

/* Begin PBXTargetDependency section */
		3201088596B4756681693701 /* PBXTargetDependency */ = {
			isa = PBXTargetDependency;
			name = Three20UICommon;
			targetProxy = 3201088596B4756681693702 /* PBXContainerItemProxy */;
		};
		320A2827FEC940B25BC42C61 /* PBXTargetDependency */ = {
			isa = PBXTargetDependency;
			name = Three20Core;
			targetProxy = 320A2827FEC940B25BC42C62 /* PBXContainerItemProxy */;
		};
		320A5A189C235877202780D1 /* PBXTargetDependency */ = {
			isa = PBXTargetDependency;
			name = Three20Network;
			targetProxy = 320A5A189C235877202780D2 /* PBXContainerItemProxy */;
		};
		320A737074758E53BA54BE91 /* PBXTargetDependency */ = {
			isa = PBXTargetDependency;
			name = Three20UINavigator;
			targetProxy = 320A737074758E53BA54BE92 /* PBXContainerItemProxy */;
		};
		320CC833B8AF0ACFD35E6221 /* PBXTargetDependency */ = {
			isa = PBXTargetDependency;
			name = Three20Style;
			targetProxy = 320CC833B8AF0ACFD35E6222 /* PBXContainerItemProxy */;
		};
		320D7DCCE32703ACAB9A45E1 /* PBXTargetDependency */ = {
			isa = PBXTargetDependency;
			name = Three20;
			targetProxy = 320D7DCCE32703ACAB9A45E2 /* PBXContainerItemProxy */;
		};
		320F2C48872C2E2C4DF86201 /* PBXTargetDependency */ = {
			isa = PBXTargetDependency;
			name = Three20UI;
			targetProxy = 320F2C48872C2E2C4DF86202 /* PBXContainerItemProxy */;
		};
		A89C7B33134DB3DB002E870D /* PBXTargetDependency */ = {
			isa = PBXTargetDependency;
			target = A89C7AFE134DB3DB002E870D /* App1 */;
			targetProxy = A89C7B32134DB3DB002E870D /* PBXContainerItemProxy */;
		};
/* End PBXTargetDependency section */

/* Begin PBXVariantGroup section */
		A89C7B0E134DB3DB002E870D /* InfoPlist.strings */ = {
			isa = PBXVariantGroup;
			children = (
				A89C7B0F134DB3DB002E870D /* en */,
			);
			name = InfoPlist.strings;
			sourceTree = "<group>";
		};
		A89C7B1E134DB3DB002E870D /* MainWindow_iPhone.xib */ = {
			isa = PBXVariantGroup;
			children = (
				A89C7B1F134DB3DB002E870D /* en */,
			);
			name = MainWindow_iPhone.xib;
			sourceTree = "<group>";
		};
		A89C7B25134DB3DB002E870D /* MainWindow_iPad.xib */ = {
			isa = PBXVariantGroup;
			children = (
				A89C7B26134DB3DB002E870D /* en */,
			);
			name = MainWindow_iPad.xib;
			sourceTree = "<group>";
		};
		A89C7B37134DB3DB002E870D /* InfoPlist.strings */ = {
			isa = PBXVariantGroup;
			children = (
				A89C7B38134DB3DB002E870D /* en */,
			);
			name = InfoPlist.strings;
			sourceTree = "<group>";
		};
/* End PBXVariantGroup section */

/* Begin XCBuildConfiguration section */
		A89C7B3F134DB3DB002E870D /* Debug */ = {
			isa = XCBuildConfiguration;
			buildSettings = {
				ARCHS = "$(ARCHS_STANDARD_32_BIT)";
				"CODE_SIGN_IDENTITY[sdk=iphoneos*]" = "iPhone Developer";
				GCC_C_LANGUAGE_STANDARD = gnu99;
				GCC_OPTIMIZATION_LEVEL = 0;
				GCC_PREPROCESSOR_DEFINITIONS = DEBUG;
				GCC_SYMBOLS_PRIVATE_EXTERN = NO;
				GCC_VERSION = com.apple.compilers.llvmgcc42;
				GCC_WARN_ABOUT_RETURN_TYPE = YES;
				GCC_WARN_UNUSED_VARIABLE = YES;
				HEADER_SEARCH_PATHS = (
					"$(BUILT_PRODUCTS_DIR)/../three20",
					"$(BUILT_PRODUCTS_DIR)/../../three20",
					../../three20/Build/Products/three20,
				);
				IPHONEOS_DEPLOYMENT_TARGET = 4.3;
				OTHER_LDFLAGS = "-ObjC";
				SDKROOT = iphoneos;
				TARGETED_DEVICE_FAMILY = "1,2";
			};
			name = Debug;
		};
		A89C7B40134DB3DB002E870D /* Release */ = {
			isa = XCBuildConfiguration;
			buildSettings = {
				ARCHS = "$(ARCHS_STANDARD_32_BIT)";
				"CODE_SIGN_IDENTITY[sdk=iphoneos*]" = "iPhone Developer";
				GCC_C_LANGUAGE_STANDARD = gnu99;
				GCC_VERSION = com.apple.compilers.llvmgcc42;
				GCC_WARN_ABOUT_RETURN_TYPE = YES;
				GCC_WARN_UNUSED_VARIABLE = YES;
				HEADER_SEARCH_PATHS = (
					"$(BUILT_PRODUCTS_DIR)/../three20",
					"$(BUILT_PRODUCTS_DIR)/../../three20",
					../../three20/Build/Products/three20,
				);
				IPHONEOS_DEPLOYMENT_TARGET = 4.3;
				OTHER_CFLAGS = "-DNS_BLOCK_ASSERTIONS=1";
				OTHER_LDFLAGS = "-ObjC";
				SDKROOT = iphoneos;
				TARGETED_DEVICE_FAMILY = "1,2";
			};
			name = Release;
		};
		A89C7B42134DB3DB002E870D /* Debug */ = {
			isa = XCBuildConfiguration;
			buildSettings = {
				ALWAYS_SEARCH_USER_PATHS = NO;
				COPY_PHASE_STRIP = NO;
				GCC_DYNAMIC_NO_PIC = NO;
				GCC_PRECOMPILE_PREFIX_HEADER = YES;
				GCC_PREFIX_HEADER = "App1/App1-Prefix.pch";
				INFOPLIST_FILE = "App1/App1-Info.plist";
				PRODUCT_NAME = "$(TARGET_NAME)";
				WRAPPER_EXTENSION = app;
			};
			name = Debug;
		};
		A89C7B43134DB3DB002E870D /* Release */ = {
			isa = XCBuildConfiguration;
			buildSettings = {
				ALWAYS_SEARCH_USER_PATHS = NO;
				COPY_PHASE_STRIP = YES;
				GCC_PRECOMPILE_PREFIX_HEADER = YES;
				GCC_PREFIX_HEADER = "App1/App1-Prefix.pch";
				INFOPLIST_FILE = "App1/App1-Info.plist";
				PRODUCT_NAME = "$(TARGET_NAME)";
				VALIDATE_PRODUCT = YES;
				WRAPPER_EXTENSION = app;
			};
			name = Release;
		};
		A89C7B45134DB3DB002E870D /* Debug */ = {
			isa = XCBuildConfiguration;
			buildSettings = {
				ALWAYS_SEARCH_USER_PATHS = NO;
				BUNDLE_LOADER = "$(BUILT_PRODUCTS_DIR)/App1.app/App1";
				FRAMEWORK_SEARCH_PATHS = (
					"$(SDKROOT)/Developer/Library/Frameworks",
					"$(DEVELOPER_LIBRARY_DIR)/Frameworks",
				);
				GCC_PRECOMPILE_PREFIX_HEADER = YES;
				GCC_PREFIX_HEADER = "App1Tests/App1Tests-Prefix.pch";
				INFOPLIST_FILE = "App1Tests/App1Tests-Info.plist";
				OTHER_LDFLAGS = (
					"-framework",
					SenTestingKit,
				);
				PRODUCT_NAME = "$(TARGET_NAME)";
				TEST_HOST = "$(BUNDLE_LOADER)";
				WRAPPER_EXTENSION = octest;
			};
			name = Debug;
		};
		A89C7B46134DB3DB002E870D /* Release */ = {
			isa = XCBuildConfiguration;
			buildSettings = {
				ALWAYS_SEARCH_USER_PATHS = NO;
				BUNDLE_LOADER = "$(BUILT_PRODUCTS_DIR)/App1.app/App1";
				FRAMEWORK_SEARCH_PATHS = (
					"$(SDKROOT)/Developer/Library/Frameworks",
					"$(DEVELOPER_LIBRARY_DIR)/Frameworks",
				);
				GCC_PRECOMPILE_PREFIX_HEADER = YES;
				GCC_PREFIX_HEADER = "App1Tests/App1Tests-Prefix.pch";
				INFOPLIST_FILE = "App1Tests/App1Tests-Info.plist";
				OTHER_LDFLAGS = (
					"-framework",
					SenTestingKit,
				);
				PRODUCT_NAME = "$(TARGET_NAME)";
				TEST_HOST = "$(BUNDLE_LOADER)";
				WRAPPER_EXTENSION = octest;
			};
			name = Release;
		};
/* End XCBuildConfiguration section */

/* Begin XCConfigurationList section */
		A89C7AF9134DB3DB002E870D /* Build configuration list for PBXProject "App1" */ = {
			isa = XCConfigurationList;
			buildConfigurations = (
				A89C7B3F134DB3DB002E870D /* Debug */,
				A89C7B40134DB3DB002E870D /* Release */,
			);
			defaultConfigurationIsVisible = 0;
			defaultConfigurationName = Release;
		};
		A89C7B41134DB3DB002E870D /* Build configuration list for PBXNativeTarget "App1" */ = {
			isa = XCConfigurationList;
			buildConfigurations = (
				A89C7B42134DB3DB002E870D /* Debug */,
				A89C7B43134DB3DB002E870D /* Release */,
			);
			defaultConfigurationIsVisible = 0;
			defaultConfigurationName = Release;
		};
		A89C7B44134DB3DB002E870D /* Build configuration list for PBXNativeTarget "App1Tests" */ = {
			isa = XCConfigurationList;
			buildConfigurations = (
				A89C7B45134DB3DB002E870D /* Debug */,
				A89C7B46134DB3DB002E870D /* Release */,
			);
			defaultConfigurationIsVisible = 0;
			defaultConfigurationName = Release;
		};
/* End XCConfigurationList section */

/* Begin XCVersionGroup section */
		A89C7B17134DB3DB002E870D /* App1.xcdatamodeld */ = {
			isa = XCVersionGroup;
			children = (
				A89C7B18134DB3DB002E870D /* App1.xcdatamodel */,
			);
			currentVersion = A89C7B18134DB3DB002E870D /* App1.xcdatamodel */;
			path = App1.xcdatamodeld;
			sourceTree = "<group>";
			versionGroupType = wrapper.xcdatamodel;
		};
/* End XCVersionGroup section */
	};
	rootObject = A89C7AF6134DB3DB002E870D /* Project object */;
}
